
Microsoft Visual Studio Solution File, Format Version 12.00
# Visual Studio Version 17
VisualStudioVersion = 17.0.31903.59
MinimumVisualStudioVersion = 10.0.40219.1
Project("{2150E333-8FDC-42A3-9474-1A3956D46DE8}") = "src", "src", "{827E0CD3-B72D-47B6-A68D-7590B98EB39B}"
EndProject
Project("{2150E333-8FDC-42A3-9474-1A3956D46DE8}") = "tests", "tests", "{0AB3BF05-4346-4AA6-1389-037BE0695223}"
EndProject
Project("{FAE04EC0-301F-11D3-BF4B-00C04F79EFBC}") = "NeuroTune.Tests", "tests\NeuroTune.Tests\NeuroTune.Tests.csproj", "{430E75A9-C06A-4078-86E9-BC906CA4D830}"
EndProject
Project("{FAE04EC0-301F-11D3-BF4B-00C04F79EFBC}") = "NeuroTune.Agent", "src\NeuroTune.Agent\NeuroTune.Agent.csproj", "{89EDB6F8-3B3E-4555-BEFE-B4105CBC8E6A}"
EndProject
Project("{FAE04EC0-301F-11D3-BF4B-00C04F79EFBC}") = "NeuroTune.Core", "src\NeuroTune.Core\NeuroTune.Core.csproj", "{9C82731F-5D96-4291-9EEB-3604F7D28C15}"
EndProject
Project("{FAE04EC0-301F-11D3-BF4B-00C04F79EFBC}") = "NeuroTune.Telemetry", "src\NeuroTune.Telemetry\NeuroTune.Telemetry.csproj", "{EAEF4C9B-BFBF-4821-B80A-211BADF1B996}"
EndProject
Project("{2150E333-8FDC-42A3-9474-1A3956D46DE8}") = "tools", "tools", "{07C2787E-EAC7-C090-1BA3-A61EC2A24D84}"
EndProject
Project("{FAE04EC0-301F-11D3-BF4B-00C04F79EFBC}") = "NeuroTune.CapabilityProbe", "tools\NeuroTune.CapabilityProbe\NeuroTune.CapabilityProbe.csproj", "{991783BC-723C-4FEA-9217-EC24EDA46254}"
EndProject
Global
	GlobalSection(SolutionConfigurationPlatforms) = preSolution
		Debug|Any CPU = Debug|Any CPU
		Debug|x64 = Debug|x64
		Debug|x86 = Debug|x86
		Release|Any CPU = Release|Any CPU
		Release|x64 = Release|x64
		Release|x86 = Release|x86
	EndGlobalSection
	GlobalSection(ProjectConfigurationPlatforms) = postSolution
		{430E75A9-C06A-4078-86E9-BC906CA4D830}.Debug|Any CPU.ActiveCfg = Debug|Any CPU
		{430E75A9-C06A-4078-86E9-BC906CA4D830}.Debug|Any CPU.Build.0 = Debug|Any CPU
		{430E75A9-C06A-4078-86E9-BC906CA4D830}.Debug|x64.ActiveCfg = Debug|Any CPU
		{430E75A9-C06A-4078-86E9-BC906CA4D830}.Debug|x64.Build.0 = Debug|Any CPU
		{430E75A9-C06A-4078-86E9-BC906CA4D830}.Debug|x86.ActiveCfg = Debug|Any CPU
		{430E75A9-C06A-4078-86E9-BC906CA4D830}.Debug|x86.Build.0 = Debug|Any CPU
		{430E75A9-C06A-4078-86E9-BC906CA4D830}.Release|Any CPU.ActiveCfg = Release|Any CPU
		{430E75A9-C06A-4078-86E9-BC906CA4D830}.Release|Any CPU.Build.0 = Release|Any CPU
		{430E75A9-C06A-4078-86E9-BC906CA4D830}.Release|x64.ActiveCfg = Release|Any CPU
		{430E75A9-C06A-4078-86E9-BC906CA4D830}.Release|x64.Build.0 = Release|Any CPU
		{430E75A9-C06A-4078-86E9-BC906CA4D830}.Release|x86.ActiveCfg = Release|Any CPU
		{430E75A9-C06A-4078-86E9-BC906CA4D830}.Release|x86.Build.0 = Release|Any CPU
		{89EDB6F8-3B3E-4555-BEFE-B4105CBC8E6A}.Debug|Any CPU.ActiveCfg = Debug|Any CPU
		{89EDB6F8-3B3E-4555-BEFE-B4105CBC8E6A}.Debug|Any CPU.Build.0 = Debug|Any CPU
		{89EDB6F8-3B3E-4555-BEFE-B4105CBC8E6A}.Debug|x64.ActiveCfg = Debug|Any CPU
		{89EDB6F8-3B3E-4555-BEFE-B4105CBC8E6A}.Debug|x64.Build.0 = Debug|Any CPU
		{89EDB6F8-3B3E-4555-BEFE-B4105CBC8E6A}.Debug|x86.ActiveCfg = Debug|Any CPU
		{89EDB6F8-3B3E-4555-BEFE-B4105CBC8E6A}.Debug|x86.Build.0 = Debug|Any CPU
		{89EDB6F8-3B3E-4555-BEFE-B4105CBC8E6A}.Release|Any CPU.ActiveCfg = Release|Any CPU
		{89EDB6F8-3B3E-4555-BEFE-B4105CBC8E6A}.Release|Any CPU.Build.0 = Release|Any CPU
		{89EDB6F8-3B3E-4555-BEFE-B4105CBC8E6A}.Release|x64.ActiveCfg = Release|Any CPU
		{89EDB6F8-3B3E-4555-BEFE-B4105CBC8E6A}.Release|x64.Build.0 = Release|Any CPU
		{89EDB6F8-3B3E-4555-BEFE-B4105CBC8E6A}.Release|x86.ActiveCfg = Release|Any CPU
		{89EDB6F8-3B3E-4555-BEFE-B4105CBC8E6A}.Release|x86.Build.0 = Release|Any CPU
		{9C82731F-5D96-4291-9EEB-3604F7D28C15}.Debug|Any CPU.ActiveCfg = Debug|Any CPU
		{9C82731F-5D96-4291-9EEB-3604F7D28C15}.Debug|Any CPU.Build.0 = Debug|Any CPU
		{9C82731F-5D96-4291-9EEB-3604F7D28C15}.Debug|x64.ActiveCfg = Debug|Any CPU
		{9C82731F-5D96-4291-9EEB-3604F7D28C15}.Debug|x64.Build.0 = Debug|Any CPU
		{9C82731F-5D96-4291-9EEB-3604F7D28C15}.Debug|x86.ActiveCfg = Debug|Any CPU
		{9C82731F-5D96-4291-9EEB-3604F7D28C15}.Debug|x86.Build.0 = Debug|Any CPU
		{9C82731F-5D96-4291-9EEB-3604F7D28C15}.Release|Any CPU.ActiveCfg = Release|Any CPU
		{9C82731F-5D96-4291-9EEB-3604F7D28C15}.Release|Any CPU.Build.0 = Release|Any CPU
		{9C82731F-5D96-4291-9EEB-3604F7D28C15}.Release|x64.ActiveCfg = Release|Any CPU
		{9C82731F-5D96-4291-9EEB-3604F7D28C15}.Release|x64.Build.0 = Release|Any CPU
		{9C82731F-5D96-4291-9EEB-3604F7D28C15}.Release|x86.ActiveCfg = Release|Any CPU
		{9C82731F-5D96-4291-9EEB-3604F7D28C15}.Release|x86.Build.0 = Release|Any CPU
		{EAEF4C9B-BFBF-4821-B80A-211BADF1B996}.Debug|Any CPU.ActiveCfg = Debug|Any CPU
		{EAEF4C9B-BFBF-4821-B80A-211BADF1B996}.Debug|Any CPU.Build.0 = Debug|Any CPU
		{EAEF4C9B-BFBF-4821-B80A-211BADF1B996}.Debug|x64.ActiveCfg = Debug|Any CPU
		{EAEF4C9B-BFBF-4821-B80A-211BADF1B996}.Debug|x64.Build.0 = Debug|Any CPU
		{EAEF4C9B-BFBF-4821-B80A-211BADF1B996}.Debug|x86.ActiveCfg = Debug|Any CPU
		{EAEF4C9B-BFBF-4821-B80A-211BADF1B996}.Debug|x86.Build.0 = Debug|Any CPU
		{EAEF4C9B-BFBF-4821-B80A-211BADF1B996}.Release|Any CPU.ActiveCfg = Release|Any CPU
		{EAEF4C9B-BFBF-4821-B80A-211BADF1B996}.Release|Any CPU.Build.0 = Release|Any CPU
		{EAEF4C9B-BFBF-4821-B80A-211BADF1B996}.Release|x64.ActiveCfg = Release|Any CPU
		{EAEF4C9B-BFBF-4821-B80A-211BADF1B996}.Release|x64.Build.0 = Release|Any CPU
		{EAEF4C9B-BFBF-4821-B80A-211BADF1B996}.Release|x86.ActiveCfg = Release|Any CPU
		{EAEF4C9B-BFBF-4821-B80A-211BADF1B996}.Release|x86.Build.0 = Release|Any CPU
		{991783BC-723C-4FEA-9217-EC24EDA46254}.Debug|Any CPU.ActiveCfg = Debug|Any CPU
		{991783BC-723C-4FEA-9217-EC24EDA46254}.Debug|Any CPU.Build.0 = Debug|Any CPU
		{991783BC-723C-4FEA-9217-EC24EDA46254}.Debug|x64.ActiveCfg = Debug|Any CPU
		{991783BC-723C-4FEA-9217-EC24EDA46254}.Debug|x64.Build.0 = Debug|Any CPU
		{991783BC-723C-4FEA-9217-EC24EDA46254}.Debug|x86.ActiveCfg = Debug|Any CPU
		{991783BC-723C-4FEA-9217-EC24EDA46254}.Debug|x86.Build.0 = Debug|Any CPU
		{991783BC-723C-4FEA-9217-EC24EDA46254}.Release|Any CPU.ActiveCfg = Release|Any CPU
		{991783BC-723C-4FEA-9217-EC24EDA46254}.Release|Any CPU.Build.0 = Release|Any CPU
		{991783BC-723C-4FEA-9217-EC24EDA46254}.Release|x64.ActiveCfg = Release|Any CPU
		{991783BC-723C-4FEA-9217-EC24EDA46254}.Release|x64.Build.0 = Release|Any CPU
		{991783BC-723C-4FEA-9217-EC24EDA46254}.Release|x86.ActiveCfg = Release|Any CPU
		{991783BC-723C-4FEA-9217-EC24EDA46254}.Release|x86.Build.0 = Release|Any CPU
	EndGlobalSection
	GlobalSection(SolutionProperties) = preSolution
		HideSolutionNode = FALSE
	EndGlobalSection
	GlobalSection(NestedProjects) = preSolution
		{430E75A9-C06A-4078-86E9-BC906CA4D830} = {0AB3BF05-4346-4AA6-1389-037BE0695223}
		{89EDB6F8-3B3E-4555-BEFE-B4105CBC8E6A} = {827E0CD3-B72D-47B6-A68D-7590B98EB39B}
		{9C82731F-5D96-4291-9EEB-3604F7D28C15} = {827E0CD3-B72D-47B6-A68D-7590B98EB39B}
		{EAEF4C9B-BFBF-4821-B80A-211BADF1B996} = {827E0CD3-B72D-47B6-A68D-7590B98EB39B}
		{991783BC-723C-4FEA-9217-EC24EDA46254} = {07C2787E-EAC7-C090-1BA3-A61EC2A24D84}
	EndGlobalSection
EndGlobal
